
Microsoft Visual Studio Solution File, Format Version 12.00
# Visual Studio Version 17
VisualStudioVersion = 17.11.35303.130
MinimumVisualStudioVersion = 10.0.40219.1
Project("{FAE04EC0-301F-11D3-BF4B-00C04F79EFBC}") = "PL", "App1\PL.csproj", "{5700E7E0-AA42-4A34-B906-99FB7BC162FF}"
EndProject
Project("{FAE04EC0-301F-11D3-BF4B-00C04F79EFBC}") = "DAL", "DAL\DAL.csproj", "{16EEA331-23CA-4CF9-A689-2DABFDB7C823}"
EndProject
Project("{FAE04EC0-301F-11D3-BF4B-00C04F79EFBC}") = "BLL", "BLL\BLL.csproj", "{624BB14C-D006-45A0-B2DE-BE4540714D7D}"
EndProject
Global
	GlobalSection(SolutionConfigurationPlatforms) = preSolution
		Debug|Any CPU = Debug|Any CPU
		Release|Any CPU = Release|Any CPU
	EndGlobalSection
	GlobalSection(ProjectConfigurationPlatforms) = postSolution
		{5700E7E0-AA42-4A34-B906-99FB7BC162FF}.Debug|Any CPU.ActiveCfg = Debug|Any CPU
		{5700E7E0-AA42-4A34-B906-99FB7BC162FF}.Debug|Any CPU.Build.0 = Debug|Any CPU
		{5700E7E0-AA42-4A34-B906-99FB7BC162FF}.Release|Any CPU.ActiveCfg = Release|Any CPU
		{5700E7E0-AA42-4A34-B906-99FB7BC162FF}.Release|Any CPU.Build.0 = Release|Any CPU
		{16EEA331-23CA-4CF9-A689-2DABFDB7C823}.Debug|Any CPU.ActiveCfg = Debug|Any CPU
		{16EEA331-23CA-4CF9-A689-2DABFDB7C823}.Debug|Any CPU.Build.0 = Debug|Any CPU
		{16EEA331-23CA-4CF9-A689-2DABFDB7C823}.Release|Any CPU.ActiveCfg = Release|Any CPU
		{16EEA331-23CA-4CF9-A689-2DABFDB7C823}.Release|Any CPU.Build.0 = Release|Any CPU
		{624BB14C-D006-45A0-B2DE-BE4540714D7D}.Debug|Any CPU.ActiveCfg = Debug|Any CPU
		{624BB14C-D006-45A0-B2DE-BE4540714D7D}.Debug|Any CPU.Build.0 = Debug|Any CPU
		{624BB14C-D006-45A0-B2DE-BE4540714D7D}.Release|Any CPU.ActiveCfg = Release|Any CPU
		{624BB14C-D006-45A0-B2DE-BE4540714D7D}.Release|Any CPU.Build.0 = Release|Any CPU
	EndGlobalSection
	GlobalSection(SolutionProperties) = preSolution
		HideSolutionNode = FALSE
	EndGlobalSection
	GlobalSection(ExtensibilityGlobals) = postSolution
		SolutionGuid = {519075B3-F267-4D2F-87A4-867A00A6817E}
	EndGlobalSection
EndGlobal
